
Microsoft Visual Studio Solution File, Format Version 12.00
# Visual Studio 15
VisualStudioVersion = 15.0.27130.2024
MinimumVisualStudioVersion = 10.0.40219.1
Project("{FAE04EC0-301F-11D3-BF4B-00C04F79EFBC}") = "MaratonaBot.PizzariaHelloWord", "MaratonaBot.PizzariaHelloWord\MaratonaBot.PizzariaHelloWord.csproj", "{1E13302D-FED3-4411-ABD8-35F4949AE951}"
EndProject
Global
	GlobalSection(SolutionConfigurationPlatforms) = preSolution
		Debug|Any CPU = Debug|Any CPU
		Release|Any CPU = Release|Any CPU
	EndGlobalSection
	GlobalSection(ProjectConfigurationPlatforms) = postSolution
		{1E13302D-FED3-4411-ABD8-35F4949AE951}.Debug|Any CPU.ActiveCfg = Debug|Any CPU
		{1E13302D-FED3-4411-ABD8-35F4949AE951}.Debug|Any CPU.Build.0 = Debug|Any CPU
		{1E13302D-FED3-4411-ABD8-35F4949AE951}.Release|Any CPU.ActiveCfg = Release|Any CPU
		{1E13302D-FED3-4411-ABD8-35F4949AE951}.Release|Any CPU.Build.0 = Release|Any CPU
	EndGlobalSection
	GlobalSection(SolutionProperties) = preSolution
		HideSolutionNode = FALSE
	EndGlobalSection
	GlobalSection(ExtensibilityGlobals) = postSolution
		SolutionGuid = {134D446F-1179-47B0-B343-06BF22EC7842}
	EndGlobalSection
EndGlobal
